{
  "name": "JSON2XML",
  "lockfileVersion": 3,
  "requires": true,
  "packages": {
    "": {
      "dependencies": {
        "to-xml": "^0.1.11"
      },
      "devDependencies": {
        "prettier": "^3.2.5"
      }
    },
    "node_modules/prettier": {
      "version": "3.2.5",
      "resolved": "https://registry.npmjs.org/prettier/-/prettier-3.2.5.tgz",
      "integrity": "sha512-3/GWa9aOC0YeD7LUfvOG2NiDyhOWRvt1k+rcKhOuYnMY24iiCphgneUfJDyFXd6rZCAnuLBv6UeAULtrhT/F4A==",
      "dev": true,
      "bin": {
        "prettier": "bin/prettier.cjs"
      },
      "engines": {
        "node": ">=14"
      },
      "funding": {
        "url": "https://github.com/prettier/prettier?sponsor=1"
      }
    },
    "node_modules/to-xml": {
      "version": "0.1.11",
      "resolved": "https://registry.npmjs.org/to-xml/-/to-xml-0.1.11.tgz",
      "integrity": "sha512-deRSQy7vONsawpyrPdhuV0Lh0yXtKQEhAnvfSv3JMahCq3PF0MZJB/BdV1jJANVbuMdnx96zhqD/X0zMMXx0Pw==",
      "bin": {
        "json2xml": "bin/json2xml.cli.js"
      }
    }
  }
}
